
Microsoft Visual Studio Solution File, Format Version 12.00
# Visual Studio 2012
Project("{FAE04EC0-301F-11D3-BF4B-00C04F79EFBC}") = "DCSFireWall", "DCS硬件防火墙\DCSFireWall.csproj", "{9A29FD0F-5D6B-4BAC-953C-1EE28BD1F5A6}"
EndProject
Project("{FAE04EC0-301F-11D3-BF4B-00C04F79EFBC}") = "DBNew", "DBNew\DBNew.csproj", "{DDE6E954-0199-4770-AE78-82D517ED0A08}"
EndProject
Project("{FAE04EC0-301F-11D3-BF4B-00C04F79EFBC}") = "GetSerialPortMessage", "GetSerialPortMessage\GetSerialPortMessage.csproj", "{805D08B2-05EA-4572-B661-223BFF701CDD}"
EndProject
Project("{FAE04EC0-301F-11D3-BF4B-00C04F79EFBC}") = "InstallMongoDB", "InstallMongoDB\InstallMongoDB.csproj", "{DEB83A25-BEBC-4A63-9204-B968E46A766C}"
EndProject
Project("{FAE04EC0-301F-11D3-BF4B-00C04F79EFBC}") = "InstallInstallMongoDB", "InstallInstallMongoDB\InstallInstallMongoDB.csproj", "{A21E7EBA-C8F2-4861-BA21-A3146F1B47B2}"
EndProject
Project("{FAE04EC0-301F-11D3-BF4B-00C04F79EFBC}") = "InstallNetFrameworkAndInstallMongoDB", "InstallNetFrameworkAndInstallMongoDB\InstallNetFrameworkAndInstallMongoDB.csproj", "{AF8DDA0D-1AF2-4F5E-9CE9-05C5914B4C2D}"
EndProject
Global
	GlobalSection(SolutionConfigurationPlatforms) = preSolution
		CD_ROM|Any CPU = CD_ROM|Any CPU
		Debug|Any CPU = Debug|Any CPU
		DVD-5|Any CPU = DVD-5|Any CPU
		Release|Any CPU = Release|Any CPU
		SingleImage|Any CPU = SingleImage|Any CPU
	EndGlobalSection
	GlobalSection(ProjectConfigurationPlatforms) = postSolution
		{9A29FD0F-5D6B-4BAC-953C-1EE28BD1F5A6}.CD_ROM|Any CPU.ActiveCfg = Release|Any CPU
		{9A29FD0F-5D6B-4BAC-953C-1EE28BD1F5A6}.CD_ROM|Any CPU.Build.0 = Release|Any CPU
		{9A29FD0F-5D6B-4BAC-953C-1EE28BD1F5A6}.Debug|Any CPU.ActiveCfg = Debug|Any CPU
		{9A29FD0F-5D6B-4BAC-953C-1EE28BD1F5A6}.Debug|Any CPU.Build.0 = Debug|Any CPU
		{9A29FD0F-5D6B-4BAC-953C-1EE28BD1F5A6}.DVD-5|Any CPU.ActiveCfg = Debug|Any CPU
		{9A29FD0F-5D6B-4BAC-953C-1EE28BD1F5A6}.DVD-5|Any CPU.Build.0 = Debug|Any CPU
		{9A29FD0F-5D6B-4BAC-953C-1EE28BD1F5A6}.Release|Any CPU.ActiveCfg = Release|Any CPU
		{9A29FD0F-5D6B-4BAC-953C-1EE28BD1F5A6}.Release|Any CPU.Build.0 = Release|Any CPU
		{9A29FD0F-5D6B-4BAC-953C-1EE28BD1F5A6}.SingleImage|Any CPU.ActiveCfg = Release|Any CPU
		{9A29FD0F-5D6B-4BAC-953C-1EE28BD1F5A6}.SingleImage|Any CPU.Build.0 = Release|Any CPU
		{DDE6E954-0199-4770-AE78-82D517ED0A08}.CD_ROM|Any CPU.ActiveCfg = Release|Any CPU
		{DDE6E954-0199-4770-AE78-82D517ED0A08}.CD_ROM|Any CPU.Build.0 = Release|Any CPU
		{DDE6E954-0199-4770-AE78-82D517ED0A08}.Debug|Any CPU.ActiveCfg = Debug|Any CPU
		{DDE6E954-0199-4770-AE78-82D517ED0A08}.Debug|Any CPU.Build.0 = Debug|Any CPU
		{DDE6E954-0199-4770-AE78-82D517ED0A08}.DVD-5|Any CPU.ActiveCfg = Debug|Any CPU
		{DDE6E954-0199-4770-AE78-82D517ED0A08}.DVD-5|Any CPU.Build.0 = Debug|Any CPU
		{DDE6E954-0199-4770-AE78-82D517ED0A08}.Release|Any CPU.ActiveCfg = Release|Any CPU
		{DDE6E954-0199-4770-AE78-82D517ED0A08}.Release|Any CPU.Build.0 = Release|Any CPU
		{DDE6E954-0199-4770-AE78-82D517ED0A08}.SingleImage|Any CPU.ActiveCfg = Release|Any CPU
		{DDE6E954-0199-4770-AE78-82D517ED0A08}.SingleImage|Any CPU.Build.0 = Release|Any CPU
		{805D08B2-05EA-4572-B661-223BFF701CDD}.CD_ROM|Any CPU.ActiveCfg = Release|Any CPU
		{805D08B2-05EA-4572-B661-223BFF701CDD}.CD_ROM|Any CPU.Build.0 = Release|Any CPU
		{805D08B2-05EA-4572-B661-223BFF701CDD}.Debug|Any CPU.ActiveCfg = Debug|Any CPU
		{805D08B2-05EA-4572-B661-223BFF701CDD}.Debug|Any CPU.Build.0 = Debug|Any CPU
		{805D08B2-05EA-4572-B661-223BFF701CDD}.DVD-5|Any CPU.ActiveCfg = Debug|Any CPU
		{805D08B2-05EA-4572-B661-223BFF701CDD}.DVD-5|Any CPU.Build.0 = Debug|Any CPU
		{805D08B2-05EA-4572-B661-223BFF701CDD}.Release|Any CPU.ActiveCfg = Release|Any CPU
		{805D08B2-05EA-4572-B661-223BFF701CDD}.Release|Any CPU.Build.0 = Release|Any CPU
		{805D08B2-05EA-4572-B661-223BFF701CDD}.SingleImage|Any CPU.ActiveCfg = Release|Any CPU
		{805D08B2-05EA-4572-B661-223BFF701CDD}.SingleImage|Any CPU.Build.0 = Release|Any CPU
		{DEB83A25-BEBC-4A63-9204-B968E46A766C}.CD_ROM|Any CPU.ActiveCfg = Release|Any CPU
		{DEB83A25-BEBC-4A63-9204-B968E46A766C}.CD_ROM|Any CPU.Build.0 = Release|Any CPU
		{DEB83A25-BEBC-4A63-9204-B968E46A766C}.Debug|Any CPU.ActiveCfg = Debug|Any CPU
		{DEB83A25-BEBC-4A63-9204-B968E46A766C}.Debug|Any CPU.Build.0 = Debug|Any CPU
		{DEB83A25-BEBC-4A63-9204-B968E46A766C}.DVD-5|Any CPU.ActiveCfg = Debug|Any CPU
		{DEB83A25-BEBC-4A63-9204-B968E46A766C}.DVD-5|Any CPU.Build.0 = Debug|Any CPU
		{DEB83A25-BEBC-4A63-9204-B968E46A766C}.Release|Any CPU.ActiveCfg = Release|Any CPU
		{DEB83A25-BEBC-4A63-9204-B968E46A766C}.Release|Any CPU.Build.0 = Release|Any CPU
		{DEB83A25-BEBC-4A63-9204-B968E46A766C}.SingleImage|Any CPU.ActiveCfg = Release|Any CPU
		{DEB83A25-BEBC-4A63-9204-B968E46A766C}.SingleImage|Any CPU.Build.0 = Release|Any CPU
		{A21E7EBA-C8F2-4861-BA21-A3146F1B47B2}.CD_ROM|Any CPU.ActiveCfg = Release|Any CPU
		{A21E7EBA-C8F2-4861-BA21-A3146F1B47B2}.CD_ROM|Any CPU.Build.0 = Release|Any CPU
		{A21E7EBA-C8F2-4861-BA21-A3146F1B47B2}.Debug|Any CPU.ActiveCfg = Debug|Any CPU
		{A21E7EBA-C8F2-4861-BA21-A3146F1B47B2}.Debug|Any CPU.Build.0 = Debug|Any CPU
		{A21E7EBA-C8F2-4861-BA21-A3146F1B47B2}.DVD-5|Any CPU.ActiveCfg = Debug|Any CPU
		{A21E7EBA-C8F2-4861-BA21-A3146F1B47B2}.DVD-5|Any CPU.Build.0 = Debug|Any CPU
		{A21E7EBA-C8F2-4861-BA21-A3146F1B47B2}.Release|Any CPU.ActiveCfg = Release|Any CPU
		{A21E7EBA-C8F2-4861-BA21-A3146F1B47B2}.Release|Any CPU.Build.0 = Release|Any CPU
		{A21E7EBA-C8F2-4861-BA21-A3146F1B47B2}.SingleImage|Any CPU.ActiveCfg = Release|Any CPU
		{A21E7EBA-C8F2-4861-BA21-A3146F1B47B2}.SingleImage|Any CPU.Build.0 = Release|Any CPU
		{AF8DDA0D-1AF2-4F5E-9CE9-05C5914B4C2D}.CD_ROM|Any CPU.ActiveCfg = Release|Any CPU
		{AF8DDA0D-1AF2-4F5E-9CE9-05C5914B4C2D}.CD_ROM|Any CPU.Build.0 = Release|Any CPU
		{AF8DDA0D-1AF2-4F5E-9CE9-05C5914B4C2D}.Debug|Any CPU.ActiveCfg = Debug|Any CPU
		{AF8DDA0D-1AF2-4F5E-9CE9-05C5914B4C2D}.Debug|Any CPU.Build.0 = Debug|Any CPU
		{AF8DDA0D-1AF2-4F5E-9CE9-05C5914B4C2D}.DVD-5|Any CPU.ActiveCfg = Debug|Any CPU
		{AF8DDA0D-1AF2-4F5E-9CE9-05C5914B4C2D}.DVD-5|Any CPU.Build.0 = Debug|Any CPU
		{AF8DDA0D-1AF2-4F5E-9CE9-05C5914B4C2D}.Release|Any CPU.ActiveCfg = Release|Any CPU
		{AF8DDA0D-1AF2-4F5E-9CE9-05C5914B4C2D}.Release|Any CPU.Build.0 = Release|Any CPU
		{AF8DDA0D-1AF2-4F5E-9CE9-05C5914B4C2D}.SingleImage|Any CPU.ActiveCfg = Release|Any CPU
		{AF8DDA0D-1AF2-4F5E-9CE9-05C5914B4C2D}.SingleImage|Any CPU.Build.0 = Release|Any CPU
	EndGlobalSection
	GlobalSection(SolutionProperties) = preSolution
		HideSolutionNode = FALSE
	EndGlobalSection
EndGlobal
